
Microsoft Visual Studio Solution File, Format Version 12.00
# Visual Studio Version 16
VisualStudioVersion = 16.0.30406.217
MinimumVisualStudioVersion = 10.0.40219.1
Project("{9A19103F-16F7-4668-BE54-9A1E7A4F7556}") = "ChaChaCoin", "ChaChaCoin\ChaChaCoin.csproj", "{07221C1F-D618-4557-A8CC-08A2A2496F31}"
EndProject
Global
	GlobalSection(SolutionConfigurationPlatforms) = preSolution
		Debug|Any CPU = Debug|Any CPU
		Release|Any CPU = Release|Any CPU
	EndGlobalSection
	GlobalSection(ProjectConfigurationPlatforms) = postSolution
		{07221C1F-D618-4557-A8CC-08A2A2496F31}.Debug|Any CPU.ActiveCfg = Debug|Any CPU
		{07221C1F-D618-4557-A8CC-08A2A2496F31}.Debug|Any CPU.Build.0 = Debug|Any CPU
		{07221C1F-D618-4557-A8CC-08A2A2496F31}.Release|Any CPU.ActiveCfg = Release|Any CPU
		{07221C1F-D618-4557-A8CC-08A2A2496F31}.Release|Any CPU.Build.0 = Release|Any CPU
	EndGlobalSection
	GlobalSection(SolutionProperties) = preSolution
		HideSolutionNode = FALSE
	EndGlobalSection
	GlobalSection(ExtensibilityGlobals) = postSolution
		SolutionGuid = {E81E5567-61BB-408C-A907-E82EEDE4DE83}
	EndGlobalSection
EndGlobal
